{
    "name": "adk-lib",
    "version": "1.0.0",
    "lockfileVersion": 3,
    "requires": true,
    "packages": {
        "": {
            "name": "adk-lib",
            "version": "1.0.0",
            "license": "GPL-3.0-only",
            "workspaces": [
                "experimental",
                "rc"
            ]
        },
        "beta": {
            "name": "adk-lib-beta",
            "version": "1.0.0",
            "extraneous": true,
            "license": "GPL-3.0-only",
            "dependencies": {
                "@minecraft/server": "^1.13.0-beta.1.21.10-preview.22"
            }
        },
        "experimental": {
            "name": "adk-lib-experimental",
            "version": "1.0.0",
            "license": "GPL-3.0-only",
            "dependencies": {
                "@minecraft/server": "^1.13.0-beta.1.21.10-preview.23"
            }
        },
        "experimental/node_modules/@minecraft/server": {
            "version": "1.13.0-beta.1.21.10-preview.23",
            "resolved": "https://registry.npmjs.org/@minecraft/server/-/server-1.13.0-beta.1.21.10-preview.23.tgz",
            "integrity": "sha512-68QIv2VCKWCp/6jSZq1GXd2FmQ+NxjahMA26nHorCv1S1P/P4bpNY0lLhs6HCkY0fvY0xKHVe8t1XDiFMIiTRA==",
            "license": "MIT",
            "dependencies": {
                "@minecraft/common": "^1.1.0"
            }
        },
        "node_modules/@minecraft/common": {
            "version": "1.2.0",
            "resolved": "https://registry.npmjs.org/@minecraft/common/-/common-1.2.0.tgz",
            "integrity": "sha512-JdmEq4P3Z/FtoBzhLijFgMSVFnFRrUoLwY8DHHrgtFo0mfLTOLTB1RErYjLMsA6b7BGVNxkX/pfFRiH7QZ0XwQ=="
        },
        "node_modules/adk-lib-experimental": {
            "resolved": "experimental",
            "link": true
        },
        "node_modules/adk-lib-rc": {
            "resolved": "rc",
            "link": true
        },
        "rc": {
            "name": "adk-lib-rc",
            "version": "1.0.0",
            "license": "GPL-3.0-only",
            "dependencies": {
                "@minecraft/server": "^1.12.0-rc.1.21.10-preview.23"
            }
        },
        "rc/node_modules/@minecraft/server": {
            "version": "1.12.0-rc.1.21.10-preview.23",
            "resolved": "https://registry.npmjs.org/@minecraft/server/-/server-1.12.0-rc.1.21.10-preview.23.tgz",
            "integrity": "sha512-k+DUuCD3QjOoNv5OEppaXM25Yfm3Vf8JsK0t/2AcjrzEXgPI7gQn+zmN0CbnJbJ8+FVH/qtR5K2sqxDipdb2Gg==",
            "license": "MIT",
            "dependencies": {
                "@minecraft/common": "^1.1.0"
            }
        },
        "stable": {
            "name": "adk-lib-stable",
            "version": "1.0.0",
            "extraneous": true,
            "license": "GPL-3.0-only",
            "dependencies": {
                "@minecraft/server": "^1.12.0-rc.1.21.10-preview.22"
            }
        }
    }
}
