{
    "name": "adk-lib",
    "version": "1.0.0",
    "lockfileVersion": 3,
    "requires": true,
    "packages": {
        "": {
            "name": "adk-lib",
            "version": "1.0.0",
            "license": "GPL-3.0-only",
            "workspaces": [
                "experimental",
                "rc",
                "stable"
            ]
        },
        "beta": {
            "name": "adk-lib-beta",
            "version": "1.0.0",
            "extraneous": true,
            "license": "GPL-3.0-only",
            "dependencies": {
                "@minecraft/server": "^1.13.0-beta.1.21.10-preview.22"
            }
        },
        "experimental": {
            "name": "adk-lib-experimental",
            "version": "1.0.0",
            "license": "GPL-3.0-only",
            "dependencies": {
                "@minecraft/server": "1.15.0-beta.1.21.30-preview.23"
            }
        },
        "experimental/node_modules/@minecraft/server": {
            "version": "1.15.0-beta.1.21.30-preview.23",
            "resolved": "https://registry.npmjs.org/@minecraft/server/-/server-1.15.0-beta.1.21.30-preview.23.tgz",
            "integrity": "sha512-86NPW2W/WL2oGoQj/ic8/UwECzRFyNUl+mBGdqeA7hYheE8zKFxSiqWpIEY23/P70n1XS8Ybaqz06iqu90hV0w==",
            "license": "MIT",
            "dependencies": {
                "@minecraft/common": "^1.1.0"
            }
        },
        "node_modules/@minecraft/common": {
            "version": "1.2.0",
            "resolved": "https://registry.npmjs.org/@minecraft/common/-/common-1.2.0.tgz",
            "integrity": "sha512-JdmEq4P3Z/FtoBzhLijFgMSVFnFRrUoLwY8DHHrgtFo0mfLTOLTB1RErYjLMsA6b7BGVNxkX/pfFRiH7QZ0XwQ=="
        },
        "node_modules/@minecraft/server": {
            "version": "1.13.0",
            "resolved": "https://registry.npmjs.org/@minecraft/server/-/server-1.13.0.tgz",
            "integrity": "sha512-LYmYRLjZZ5b+AO2GArQorBBo6Ad18ZmdoK2jx7mmo7Jo/gFXLiSq2xEJuLb5WBXTaBg4rBiersQiAbTj3QjNHQ==",
            "license": "MIT",
            "dependencies": {
                "@minecraft/common": "^1.1.0"
            }
        },
        "node_modules/adk-lib-experimental": {
            "resolved": "experimental",
            "link": true
        },
        "node_modules/adk-lib-rc": {
            "resolved": "rc",
            "link": true
        },
        "node_modules/adk-lib-stable": {
            "resolved": "stable",
            "link": true
        },
        "rc": {
            "name": "adk-lib-rc",
            "version": "1.0.0",
            "license": "GPL-3.0-only",
            "dependencies": {
                "@minecraft/server": "1.14.0-rc.1.21.30-preview.23"
            }
        },
        "rc/node_modules/@minecraft/server": {
            "version": "1.14.0-rc.1.21.30-preview.23",
            "resolved": "https://registry.npmjs.org/@minecraft/server/-/server-1.14.0-rc.1.21.30-preview.23.tgz",
            "integrity": "sha512-JyNBkouvzfWYJ6Ta3f81HNZA6W+RQniR+RqE+IlJlL1a2BpDBjV0TEtw7IX/cMADjhmqX+BbVRZVs8FGgofdGg==",
            "license": "MIT",
            "dependencies": {
                "@minecraft/common": "^1.1.0"
            }
        },
        "stable": {
            "name": "adk-lib-stable",
            "version": "1.0.0",
            "license": "GPL-3.0-only",
            "dependencies": {
                "@minecraft/server": "1.13.0"
            }
        }
    }
}
