{
    "name": "adk-lib",
    "version": "1.0.0",
    "lockfileVersion": 3,
    "requires": true,
    "packages": {
        "": {
            "name": "adk-lib",
            "version": "1.0.0",
            "license": "GPL-3.0-only",
            "workspaces": [
                "experimental",
                "rc",
                "stable"
            ]
        },
        "beta": {
            "name": "adk-lib-beta",
            "version": "1.0.0",
            "extraneous": true,
            "license": "GPL-3.0-only",
            "dependencies": {
                "@minecraft/server": "^1.13.0-beta.1.21.10-preview.22"
            }
        },
        "experimental": {
            "name": "adk-lib-experimental",
            "version": "1.0.0",
            "license": "GPL-3.0-only",
            "dependencies": {
                "@minecraft/server": "1.18.0-beta.1.21.60-preview.24"
            }
        },
        "experimental/node_modules/@minecraft/server": {
            "version": "1.18.0-beta.1.21.60-preview.24",
            "resolved": "https://registry.npmjs.org/@minecraft/server/-/server-1.18.0-beta.1.21.60-preview.24.tgz",
            "integrity": "sha512-aiue2o/7yKAAb9i+s79eYGYrRY1E6tKDwvr7ozij6PB5vNFUFkEXrtvKMq2GRedV5UorQf71K4Rfbk46qw2Zog==",
            "license": "MIT",
            "dependencies": {
                "@minecraft/common": "^1.1.0"
            },
            "peerDependencies": {
                "@minecraft/vanilla-data": ">=1.20.70"
            }
        },
        "node_modules/@minecraft/common": {
            "version": "1.2.0",
            "resolved": "https://registry.npmjs.org/@minecraft/common/-/common-1.2.0.tgz",
            "integrity": "sha512-JdmEq4P3Z/FtoBzhLijFgMSVFnFRrUoLwY8DHHrgtFo0mfLTOLTB1RErYjLMsA6b7BGVNxkX/pfFRiH7QZ0XwQ=="
        },
        "node_modules/@minecraft/server": {
            "version": "1.15.0",
            "resolved": "https://registry.npmjs.org/@minecraft/server/-/server-1.15.0.tgz",
            "integrity": "sha512-KpXtxwuwr0hSBbTYOaMR6hSLG+UBWvifhkmnu2Tx32567hBp2N4DxVmoIXT0swQ8RFvv1o6PyGHXqm3Qfw1wOg==",
            "license": "MIT",
            "dependencies": {
                "@minecraft/common": "^1.1.0"
            }
        },
        "node_modules/@minecraft/vanilla-data": {
            "version": "1.21.44",
            "resolved": "https://registry.npmjs.org/@minecraft/vanilla-data/-/vanilla-data-1.21.44.tgz",
            "integrity": "sha512-sgROZZqiCmaOsRG7qg+qP2B5IZz+kkZGm1JDifFAP/5YCMj4dZcCfnpCvFLQ0Fs2PvMwFU0fDu216Lee9aqXVg==",
            "license": "MIT",
            "peer": true
        },
        "node_modules/adk-lib-experimental": {
            "resolved": "experimental",
            "link": true
        },
        "node_modules/adk-lib-rc": {
            "resolved": "rc",
            "link": true
        },
        "node_modules/adk-lib-stable": {
            "resolved": "stable",
            "link": true
        },
        "rc": {
            "name": "adk-lib-rc",
            "version": "1.0.0",
            "license": "GPL-3.0-only",
            "dependencies": {
                "@minecraft/server": "1.17.0-rc.1.21.60-preview.24"
            }
        },
        "rc/node_modules/@minecraft/server": {
            "version": "1.17.0-rc.1.21.60-preview.24",
            "resolved": "https://registry.npmjs.org/@minecraft/server/-/server-1.17.0-rc.1.21.60-preview.24.tgz",
            "integrity": "sha512-s1q9KDKJmT/tOjV1b/oGFLz5nOc0ZoEPE7nYcWz1/gmE7qRSqasLJMtOkN1y9Gn5ZXBuystMXmfYi8iESZRSAw==",
            "license": "MIT",
            "dependencies": {
                "@minecraft/common": "^1.1.0"
            }
        },
        "stable": {
            "name": "adk-lib-stable",
            "version": "1.0.0",
            "license": "GPL-3.0-only",
            "dependencies": {
                "@minecraft/server": "1.15.0"
            }
        }
    }
}
